
Microsoft Visual Studio Solution File, Format Version 12.00
# Visual Studio Version 16
VisualStudioVersion = 16.0.30709.132
MinimumVisualStudioVersion = 10.0.40219.1
Project("{FAE04EC0-301F-11D3-BF4B-00C04F79EFBC}") = "MachinaWrapper", "MachinaWrapper\MachinaWrapper.csproj", "{1F02AF5B-730B-429D-BF6F-23A3E0BDAC9F}"
EndProject
Project("{FAE04EC0-301F-11D3-BF4B-00C04F79EFBC}") = "Machina", "machina\Machina\Machina.csproj", "{27D3CCFB-C238-4453-AD18-8BA725716B16}"
EndProject
Project("{FAE04EC0-301F-11D3-BF4B-00C04F79EFBC}") = "Machina.FFXIV", "machina\Machina.FFXIV\Machina.FFXIV.csproj", "{5F07A659-068A-429C-A1CF-7E31F98C0A5E}"
EndProject
Global
	GlobalSection(SolutionConfigurationPlatforms) = preSolution
		Debug|Any CPU = Debug|Any CPU
		Release|Any CPU = Release|Any CPU
	EndGlobalSection
	GlobalSection(ProjectConfigurationPlatforms) = postSolution
		{1F02AF5B-730B-429D-BF6F-23A3E0BDAC9F}.Debug|Any CPU.ActiveCfg = Debug|Any CPU
		{1F02AF5B-730B-429D-BF6F-23A3E0BDAC9F}.Debug|Any CPU.Build.0 = Debug|Any CPU
		{1F02AF5B-730B-429D-BF6F-23A3E0BDAC9F}.Release|Any CPU.ActiveCfg = Release|Any CPU
		{1F02AF5B-730B-429D-BF6F-23A3E0BDAC9F}.Release|Any CPU.Build.0 = Release|Any CPU
		{27D3CCFB-C238-4453-AD18-8BA725716B16}.Debug|Any CPU.ActiveCfg = Debug|Any CPU
		{27D3CCFB-C238-4453-AD18-8BA725716B16}.Debug|Any CPU.Build.0 = Debug|Any CPU
		{27D3CCFB-C238-4453-AD18-8BA725716B16}.Release|Any CPU.ActiveCfg = Release|Any CPU
		{27D3CCFB-C238-4453-AD18-8BA725716B16}.Release|Any CPU.Build.0 = Release|Any CPU
		{5F07A659-068A-429C-A1CF-7E31F98C0A5E}.Debug|Any CPU.ActiveCfg = Debug|Any CPU
		{5F07A659-068A-429C-A1CF-7E31F98C0A5E}.Debug|Any CPU.Build.0 = Debug|Any CPU
		{5F07A659-068A-429C-A1CF-7E31F98C0A5E}.Release|Any CPU.ActiveCfg = Release|Any CPU
		{5F07A659-068A-429C-A1CF-7E31F98C0A5E}.Release|Any CPU.Build.0 = Release|Any CPU
	EndGlobalSection
	GlobalSection(SolutionProperties) = preSolution
		HideSolutionNode = FALSE
	EndGlobalSection
	GlobalSection(ExtensibilityGlobals) = postSolution
		SolutionGuid = {596CFD2D-D878-483D-A453-2007EBBAC5C6}
	EndGlobalSection
EndGlobal
